{
  "name": "geeksguild",
  "version": "1.0.0",
  "lockfileVersion": 3,
  "requires": true,
  "packages": {
    "": {
      "name": "geeksguild",
      "version": "1.0.0",
      "license": "ISC",
      "dependencies": {
        "@squoosh/lib": "^0.3.1",
        "csv-parse": "^6.1.0"
      }
    },
    "node_modules/@squoosh/lib": {
      "version": "0.3.1",
      "resolved": "https://registry.npmjs.org/@squoosh/lib/-/lib-0.3.1.tgz",
      "integrity": "sha512-ni8gyTGgW9lH/yqaqgkxerGT7daSWNU9mtvWqj+/1qqzIT9YGfFvnTtDQRMIRjRCKQ5pkK/COufvWKuzHI6Dxw==",
      "license": "Apache-2.0",
      "dependencies": {
        "web-streams-polyfill": "^3.0.3"
      }
    },
    "node_modules/csv-parse": {
      "version": "6.1.0",
      "resolved": "https://registry.npmjs.org/csv-parse/-/csv-parse-6.1.0.tgz",
      "integrity": "sha512-CEE+jwpgLn+MmtCpVcPtiCZpVtB6Z2OKPTr34pycYYoL7sxdOkXDdQ4lRiw6ioC0q6BLqhc6cKweCVvral8yhw==",
      "license": "MIT"
    },
    "node_modules/web-streams-polyfill": {
      "version": "3.3.3",
      "resolved": "https://registry.npmjs.org/web-streams-polyfill/-/web-streams-polyfill-3.3.3.tgz",
      "integrity": "sha512-d2JWLCivmZYTSIoge9MsgFCZrt571BikcWGYkjC1khllbTeDlGqZ2D8vD8E/lJa8WGWbb7Plm8/XJYV7IJHZZw==",
      "license": "MIT",
      "engines": {
        "node": ">= 8"
      }
    }
  }
}
